
Microsoft Visual Studio Solution File, Format Version 12.00
# Visual Studio 14
VisualStudioVersion = 14.0.25420.1
MinimumVisualStudioVersion = 10.0.40219.1
Project("{F184B08F-C81C-45F6-A57F-5ABD9991F28F}") = "School_App", "School_App\School_App.vbproj", "{FFC528BD-3D81-4715-B23E-3C6DF51FECC1}"
EndProject
Project("{F184B08F-C81C-45F6-A57F-5ABD9991F28F}") = "StudentInfo", "StudentInfo\StudentInfo.vbproj", "{0088F49E-20DF-43ED-9212-48FBC4B6F400}"
EndProject
Project("{F184B08F-C81C-45F6-A57F-5ABD9991F28F}") = "Receipts", "Receipts\Receipts.vbproj", "{129854C7-16F4-45B5-B592-3C7CF7F71891}"
EndProject
Project("{F184B08F-C81C-45F6-A57F-5ABD9991F28F}") = "DBOperations", "DBOperations\DBOperations.vbproj", "{319CB699-BE18-4C0B-8C1A-EF7ACF6A8135}"
EndProject
Project("{54435603-DBB4-11D2-8724-00A0C9A8B90C}") = "ThamsSetup2", "ThamsSetup2\ThamsSetup2.vdproj", "{8D83175A-823B-4608-B04F-9AEAA75C0C07}"
EndProject
Global
	GlobalSection(SolutionConfigurationPlatforms) = preSolution
		Debug|Any CPU = Debug|Any CPU
		Debug|x86 = Debug|x86
		Release|Any CPU = Release|Any CPU
		Release|x86 = Release|x86
	EndGlobalSection
	GlobalSection(ProjectConfigurationPlatforms) = postSolution
		{FFC528BD-3D81-4715-B23E-3C6DF51FECC1}.Debug|Any CPU.ActiveCfg = Debug|Any CPU
		{FFC528BD-3D81-4715-B23E-3C6DF51FECC1}.Debug|Any CPU.Build.0 = Debug|Any CPU
		{FFC528BD-3D81-4715-B23E-3C6DF51FECC1}.Debug|x86.ActiveCfg = Debug|x86
		{FFC528BD-3D81-4715-B23E-3C6DF51FECC1}.Debug|x86.Build.0 = Debug|x86
		{FFC528BD-3D81-4715-B23E-3C6DF51FECC1}.Release|Any CPU.ActiveCfg = Release|Any CPU
		{FFC528BD-3D81-4715-B23E-3C6DF51FECC1}.Release|Any CPU.Build.0 = Release|Any CPU
		{FFC528BD-3D81-4715-B23E-3C6DF51FECC1}.Release|x86.ActiveCfg = Release|x86
		{FFC528BD-3D81-4715-B23E-3C6DF51FECC1}.Release|x86.Build.0 = Release|x86
		{0088F49E-20DF-43ED-9212-48FBC4B6F400}.Debug|Any CPU.ActiveCfg = Debug|Any CPU
		{0088F49E-20DF-43ED-9212-48FBC4B6F400}.Debug|Any CPU.Build.0 = Debug|Any CPU
		{0088F49E-20DF-43ED-9212-48FBC4B6F400}.Debug|x86.ActiveCfg = Debug|x86
		{0088F49E-20DF-43ED-9212-48FBC4B6F400}.Debug|x86.Build.0 = Debug|x86
		{0088F49E-20DF-43ED-9212-48FBC4B6F400}.Release|Any CPU.ActiveCfg = Release|Any CPU
		{0088F49E-20DF-43ED-9212-48FBC4B6F400}.Release|Any CPU.Build.0 = Release|Any CPU
		{0088F49E-20DF-43ED-9212-48FBC4B6F400}.Release|x86.ActiveCfg = Release|x86
		{0088F49E-20DF-43ED-9212-48FBC4B6F400}.Release|x86.Build.0 = Release|x86
		{129854C7-16F4-45B5-B592-3C7CF7F71891}.Debug|Any CPU.ActiveCfg = Debug|Any CPU
		{129854C7-16F4-45B5-B592-3C7CF7F71891}.Debug|Any CPU.Build.0 = Debug|Any CPU
		{129854C7-16F4-45B5-B592-3C7CF7F71891}.Debug|Any CPU.Deploy.0 = Debug|Any CPU
		{129854C7-16F4-45B5-B592-3C7CF7F71891}.Debug|x86.ActiveCfg = Debug|x86
		{129854C7-16F4-45B5-B592-3C7CF7F71891}.Debug|x86.Build.0 = Debug|x86
		{129854C7-16F4-45B5-B592-3C7CF7F71891}.Release|Any CPU.ActiveCfg = Release|Any CPU
		{129854C7-16F4-45B5-B592-3C7CF7F71891}.Release|Any CPU.Build.0 = Release|Any CPU
		{129854C7-16F4-45B5-B592-3C7CF7F71891}.Release|x86.ActiveCfg = Release|x86
		{129854C7-16F4-45B5-B592-3C7CF7F71891}.Release|x86.Build.0 = Release|x86
		{319CB699-BE18-4C0B-8C1A-EF7ACF6A8135}.Debug|Any CPU.ActiveCfg = Debug|Any CPU
		{319CB699-BE18-4C0B-8C1A-EF7ACF6A8135}.Debug|Any CPU.Build.0 = Debug|Any CPU
		{319CB699-BE18-4C0B-8C1A-EF7ACF6A8135}.Debug|Any CPU.Deploy.0 = Debug|Any CPU
		{319CB699-BE18-4C0B-8C1A-EF7ACF6A8135}.Debug|x86.ActiveCfg = Debug|x86
		{319CB699-BE18-4C0B-8C1A-EF7ACF6A8135}.Debug|x86.Build.0 = Debug|x86
		{319CB699-BE18-4C0B-8C1A-EF7ACF6A8135}.Debug|x86.Deploy.0 = Debug|x86
		{319CB699-BE18-4C0B-8C1A-EF7ACF6A8135}.Release|Any CPU.ActiveCfg = Release|Any CPU
		{319CB699-BE18-4C0B-8C1A-EF7ACF6A8135}.Release|Any CPU.Build.0 = Release|Any CPU
		{319CB699-BE18-4C0B-8C1A-EF7ACF6A8135}.Release|x86.ActiveCfg = Release|x86
		{319CB699-BE18-4C0B-8C1A-EF7ACF6A8135}.Release|x86.Build.0 = Release|x86
		{319CB699-BE18-4C0B-8C1A-EF7ACF6A8135}.Release|x86.Deploy.0 = Release|x86
		{8D83175A-823B-4608-B04F-9AEAA75C0C07}.Debug|Any CPU.ActiveCfg = Debug
		{8D83175A-823B-4608-B04F-9AEAA75C0C07}.Debug|x86.ActiveCfg = Debug
		{8D83175A-823B-4608-B04F-9AEAA75C0C07}.Debug|x86.Build.0 = Debug
		{8D83175A-823B-4608-B04F-9AEAA75C0C07}.Release|Any CPU.ActiveCfg = Release
		{8D83175A-823B-4608-B04F-9AEAA75C0C07}.Release|x86.ActiveCfg = Release
		{8D83175A-823B-4608-B04F-9AEAA75C0C07}.Release|x86.Build.0 = Release
	EndGlobalSection
	GlobalSection(SolutionProperties) = preSolution
		HideSolutionNode = FALSE
	EndGlobalSection
EndGlobal
